{
  "version": 4,
  "terraform_version": "0.12.2",
  "serial": 9,
  "lineage": "a2f0b335-53d2-860f-93cf-f2f99931178a",
  "outputs": {},
  "resources": [
    {
      "mode": "managed",
      "type": "aws_acm_certificate",
      "name": "certificate",
      "provider": "provider.aws",
      "instances": [
        {
          "schema_version": 0,
          "attributes": {
            "arn": "arn:aws:acm:ap-southeast-2:143629429380:certificate/ffc628f3-24c4-472d-8368-cc2aeef8d875",
            "certificate_body": null,
            "certificate_chain": null,
            "domain_name": "*.hughvidler.com",
            "domain_validation_options": [
              {
                "domain_name": "*.hughvidler.com",
                "resource_record_name": "_3f6863ac70d400c65acf2cad2a2a1fab.hughvidler.com.",
                "resource_record_type": "CNAME",
                "resource_record_value": "_d3ab5bc1b910c1ebda5b794dadbc4c28.ltfvzjuylp.acm-validations.aws."
              }
            ],
            "id": "arn:aws:acm:ap-southeast-2:143629429380:certificate/ffc628f3-24c4-472d-8368-cc2aeef8d875",
            "private_key": null,
            "subject_alternative_names": [],
            "tags": null,
            "validation_emails": [],
            "validation_method": "DNS"
          },
          "private": "bnVsbA=="
        }
      ]
    },
    {
      "mode": "managed",
      "type": "aws_s3_bucket",
      "name": "bucket",
      "provider": "provider.aws",
      "instances": [
        {
          "schema_version": 0,
          "attributes": {
            "acceleration_status": "",
            "acl": "public-read",
            "arn": "arn:aws:s3:::www.hughvidler.com",
            "bucket": "www.hughvidler.com",
            "bucket_domain_name": "www.hughvidler.com.s3.amazonaws.com",
            "bucket_prefix": null,
            "bucket_regional_domain_name": "www.hughvidler.com.s3.ap-southeast-2.amazonaws.com",
            "cors_rule": [],
            "force_destroy": false,
            "hosted_zone_id": "Z1WCIGYICN2BYD",
            "id": "www.hughvidler.com",
            "lifecycle_rule": [],
            "logging": [],
            "object_lock_configuration": [],
            "policy": "{\"Statement\":[{\"Action\":\"s3:GetObject\",\"Effect\":\"Allow\",\"Principal\":\"*\",\"Resource\":\"arn:aws:s3:::www.hughvidler.com/*\",\"Sid\":\"AddPerm\"}],\"Version\":\"2012-10-17\"}",
            "region": "ap-southeast-2",
            "replication_configuration": [],
            "request_payer": "BucketOwner",
            "server_side_encryption_configuration": [],
            "tags": null,
            "versioning": [
              {
                "enabled": false,
                "mfa_delete": false
              }
            ],
            "website": [
              {
                "error_document": "404.html",
                "index_document": "index.html",
                "redirect_all_requests_to": "",
                "routing_rules": ""
              }
            ],
            "website_domain": "s3-website-ap-southeast-2.amazonaws.com",
            "website_endpoint": "www.hughvidler.com.s3-website-ap-southeast-2.amazonaws.com"
          },
          "private": "bnVsbA=="
        }
      ]
    }
  ]
}
