{
  "version": 4,
  "terraform_version": "0.12.2",
  "serial": 59,
  "lineage": "a2f0b335-53d2-860f-93cf-f2f99931178a",
  "outputs": {},
  "resources": [
    {
      "mode": "managed",
      "type": "aws_acm_certificate",
      "name": "certificate",
      "provider": "provider.aws",
      "instances": [
        {
          "schema_version": 0,
          "attributes": {
            "arn": "arn:aws:acm:us-east-1:143629429380:certificate/ce922638-6cd1-4405-baa2-b4fb291205ed",
            "certificate_body": null,
            "certificate_chain": null,
            "domain_name": "*.hugh.codes",
            "domain_validation_options": [
              {
                "domain_name": "*.hugh.codes",
                "resource_record_name": "_3d99e98ea25721fc4aaae5be8a6b2b6d.hugh.codes.",
                "resource_record_type": "CNAME",
                "resource_record_value": "_961f9696b0bc38bdcfdd5e0639351122.ltfvzjuylp.acm-validations.aws."
              },
              {
                "domain_name": "hugh.codes",
                "resource_record_name": "_3d99e98ea25721fc4aaae5be8a6b2b6d.hugh.codes.",
                "resource_record_type": "CNAME",
                "resource_record_value": "_961f9696b0bc38bdcfdd5e0639351122.ltfvzjuylp.acm-validations.aws."
              }
            ],
            "id": "arn:aws:acm:us-east-1:143629429380:certificate/ce922638-6cd1-4405-baa2-b4fb291205ed",
            "private_key": null,
            "subject_alternative_names": [
              "hugh.codes"
            ],
            "tags": {},
            "validation_emails": [],
            "validation_method": "DNS"
          }
        },
        {
          "deposed": "251cff4d",
          "schema_version": 0,
          "attributes": null
        },
        {
          "deposed": "810fb015",
          "schema_version": 0,
          "attributes": null
        }
      ]
    },
    {
      "mode": "managed",
      "type": "aws_cloudfront_distribution",
      "name": "root_distribution",
      "provider": "provider.aws",
      "instances": [
        {
          "schema_version": 1,
          "attributes": {
            "active_trusted_signers": {
              "enabled": "false",
              "items.#": "0"
            },
            "aliases": [
              "hugh.codes"
            ],
            "arn": "arn:aws:cloudfront::143629429380:distribution/E1YPSCSBSJX1K5",
            "cache_behavior": [],
            "caller_reference": "2019-06-17T22:54:25.087179+10:00",
            "comment": null,
            "custom_error_response": [],
            "default_cache_behavior": [
              {
                "allowed_methods": [
                  "GET",
                  "HEAD"
                ],
                "cached_methods": [
                  "GET",
                  "HEAD"
                ],
                "compress": true,
                "default_ttl": 86400,
                "field_level_encryption_id": "",
                "forwarded_values": [
                  {
                    "cookies": [
                      {
                        "forward": "none",
                        "whitelisted_names": []
                      }
                    ],
                    "headers": [],
                    "query_string": false,
                    "query_string_cache_keys": []
                  }
                ],
                "lambda_function_association": [],
                "max_ttl": 31536000,
                "min_ttl": 0,
                "smooth_streaming": false,
                "target_origin_id": "hugh.codes",
                "trusted_signers": [],
                "viewer_protocol_policy": "redirect-to-https"
              }
            ],
            "default_root_object": "index.html",
            "domain_name": "d2rl9bidvxautx.cloudfront.net",
            "enabled": true,
            "etag": "E1WO2SRMGZF5J8",
            "hosted_zone_id": "Z2FDTNDATAQYW2",
            "http_version": "http2",
            "id": "E1YPSCSBSJX1K5",
            "in_progress_validation_batches": 0,
            "is_ipv6_enabled": false,
            "last_modified_time": "2019-06-17 12:54:26.784 +0000 UTC",
            "logging_config": [],
            "ordered_cache_behavior": [],
            "origin": [
              {
                "custom_header": [],
                "custom_origin_config": [
                  {
                    "http_port": 80,
                    "https_port": 443,
                    "origin_keepalive_timeout": 5,
                    "origin_protocol_policy": "http-only",
                    "origin_read_timeout": 30,
                    "origin_ssl_protocols": [
                      "TLSv1",
                      "TLSv1.1",
                      "TLSv1.2"
                    ]
                  }
                ],
                "domain_name": "hugh.codes.s3-website-us-east-1.amazonaws.com",
                "origin_id": "hugh.codes",
                "origin_path": "",
                "s3_origin_config": []
              }
            ],
            "origin_group": [],
            "price_class": "PriceClass_All",
            "restrictions": [
              {
                "geo_restriction": [
                  {
                    "locations": [],
                    "restriction_type": "none"
                  }
                ]
              }
            ],
            "retain_on_delete": false,
            "status": "Deployed",
            "tags": {},
            "viewer_certificate": [
              {
                "acm_certificate_arn": "arn:aws:acm:us-east-1:143629429380:certificate/ce922638-6cd1-4405-baa2-b4fb291205ed",
                "cloudfront_default_certificate": false,
                "iam_certificate_id": "",
                "minimum_protocol_version": "TLSv1",
                "ssl_support_method": "sni-only"
              }
            ],
            "wait_for_deployment": true,
            "web_acl_id": ""
          },
          "depends_on": [
            "aws_acm_certificate.certificate",
            "aws_s3_bucket.root"
          ]
        }
      ]
    },
    {
      "mode": "managed",
      "type": "aws_cloudfront_distribution",
      "name": "www_distribution",
      "provider": "provider.aws",
      "instances": [
        {
          "schema_version": 1,
          "attributes": {
            "active_trusted_signers": {
              "enabled": "false",
              "items.#": "0"
            },
            "aliases": [
              "www.hugh.codes"
            ],
            "arn": "arn:aws:cloudfront::143629429380:distribution/E1GZ4DR6RYLNUS",
            "cache_behavior": [],
            "caller_reference": "2019-06-17T22:06:30.155167+10:00",
            "comment": null,
            "custom_error_response": [],
            "default_cache_behavior": [
              {
                "allowed_methods": [
                  "GET",
                  "HEAD"
                ],
                "cached_methods": [
                  "GET",
                  "HEAD"
                ],
                "compress": true,
                "default_ttl": 86400,
                "field_level_encryption_id": "",
                "forwarded_values": [
                  {
                    "cookies": [
                      {
                        "forward": "none",
                        "whitelisted_names": []
                      }
                    ],
                    "headers": [],
                    "query_string": false,
                    "query_string_cache_keys": []
                  }
                ],
                "lambda_function_association": [],
                "max_ttl": 31536000,
                "min_ttl": 0,
                "smooth_streaming": false,
                "target_origin_id": "www.hugh.codes",
                "trusted_signers": [],
                "viewer_protocol_policy": "redirect-to-https"
              }
            ],
            "default_root_object": "index.html",
            "domain_name": "d31322h3gercym.cloudfront.net",
            "enabled": true,
            "etag": "EAJ0576N0473T",
            "hosted_zone_id": "Z2FDTNDATAQYW2",
            "http_version": "http2",
            "id": "E1GZ4DR6RYLNUS",
            "in_progress_validation_batches": 0,
            "is_ipv6_enabled": false,
            "last_modified_time": "2019-06-17 12:06:37.025 +0000 UTC",
            "logging_config": [],
            "ordered_cache_behavior": [],
            "origin": [
              {
                "custom_header": [],
                "custom_origin_config": [
                  {
                    "http_port": 80,
                    "https_port": 443,
                    "origin_keepalive_timeout": 5,
                    "origin_protocol_policy": "http-only",
                    "origin_read_timeout": 30,
                    "origin_ssl_protocols": [
                      "TLSv1",
                      "TLSv1.1",
                      "TLSv1.2"
                    ]
                  }
                ],
                "domain_name": "www.hugh.codes.s3-website-us-east-1.amazonaws.com",
                "origin_id": "www.hugh.codes",
                "origin_path": "",
                "s3_origin_config": []
              }
            ],
            "origin_group": [],
            "price_class": "PriceClass_All",
            "restrictions": [
              {
                "geo_restriction": [
                  {
                    "locations": [],
                    "restriction_type": "none"
                  }
                ]
              }
            ],
            "retain_on_delete": false,
            "status": "Deployed",
            "tags": {},
            "viewer_certificate": [
              {
                "acm_certificate_arn": "arn:aws:acm:us-east-1:143629429380:certificate/ce922638-6cd1-4405-baa2-b4fb291205ed",
                "cloudfront_default_certificate": false,
                "iam_certificate_id": "",
                "minimum_protocol_version": "TLSv1",
                "ssl_support_method": "sni-only"
              }
            ],
            "wait_for_deployment": true,
            "web_acl_id": ""
          },
          "depends_on": [
            "aws_acm_certificate.certificate",
            "aws_s3_bucket.bucket"
          ]
        }
      ]
    },
    {
      "mode": "managed",
      "type": "aws_route53_record",
      "name": "root",
      "provider": "provider.aws",
      "instances": [
        {
          "schema_version": 2,
          "attributes": {
            "alias": [
              {
                "evaluate_target_health": false,
                "name": "d2rl9bidvxautx.cloudfront.net",
                "zone_id": "Z2FDTNDATAQYW2"
              }
            ],
            "allow_overwrite": null,
            "failover_routing_policy": [],
            "fqdn": "hugh.codes",
            "geolocation_routing_policy": [],
            "health_check_id": "",
            "id": "ZNN4K898SC4V__A",
            "latency_routing_policy": [],
            "multivalue_answer_routing_policy": null,
            "name": "",
            "records": [],
            "set_identifier": "",
            "ttl": 0,
            "type": "A",
            "weighted_routing_policy": [],
            "zone_id": "ZNN4K898SC4V"
          },
          "depends_on": [
            "aws_cloudfront_distribution.root_distribution",
            "aws_route53_zone.zone"
          ]
        }
      ]
    },
    {
      "mode": "managed",
      "type": "aws_route53_record",
      "name": "www",
      "provider": "provider.aws",
      "instances": [
        {
          "schema_version": 2,
          "attributes": {
            "alias": [
              {
                "evaluate_target_health": false,
                "name": "d31322h3gercym.cloudfront.net",
                "zone_id": "Z2FDTNDATAQYW2"
              }
            ],
            "allow_overwrite": null,
            "failover_routing_policy": [],
            "fqdn": "www.hugh.codes",
            "geolocation_routing_policy": [],
            "health_check_id": "",
            "id": "ZNN4K898SC4V_www.hugh.codes_A",
            "latency_routing_policy": [],
            "multivalue_answer_routing_policy": null,
            "name": "www.hugh.codes",
            "records": [],
            "set_identifier": "",
            "ttl": 0,
            "type": "A",
            "weighted_routing_policy": [],
            "zone_id": "ZNN4K898SC4V"
          },
          "depends_on": [
            "aws_cloudfront_distribution.www_distribution",
            "aws_route53_zone.zone"
          ]
        }
      ]
    },
    {
      "mode": "managed",
      "type": "aws_route53_zone",
      "name": "zone",
      "provider": "provider.aws",
      "instances": [
        {
          "schema_version": 0,
          "attributes": {
            "comment": "Managed by Terraform",
            "delegation_set_id": "",
            "force_destroy": false,
            "id": "ZNN4K898SC4V",
            "name": "hugh.codes.",
            "name_servers": [
              "ns-1.awsdns-00.com",
              "ns-1486.awsdns-57.org",
              "ns-1587.awsdns-06.co.uk",
              "ns-655.awsdns-17.net"
            ],
            "tags": {},
            "vpc": [],
            "vpc_id": null,
            "vpc_region": null,
            "zone_id": "ZNN4K898SC4V"
          }
        }
      ]
    },
    {
      "mode": "managed",
      "type": "aws_s3_bucket",
      "name": "bucket",
      "provider": "provider.aws",
      "instances": [
        {
          "schema_version": 0,
          "attributes": {
            "acceleration_status": "",
            "acl": "public-read",
            "arn": "arn:aws:s3:::www.hugh.codes",
            "bucket": "www.hugh.codes",
            "bucket_domain_name": "www.hugh.codes.s3.amazonaws.com",
            "bucket_prefix": null,
            "bucket_regional_domain_name": "www.hugh.codes.s3.amazonaws.com",
            "cors_rule": [],
            "force_destroy": false,
            "hosted_zone_id": "Z3AQBSTGFYJSTF",
            "id": "www.hugh.codes",
            "lifecycle_rule": [],
            "logging": [],
            "object_lock_configuration": [],
            "policy": "{\"Statement\":[{\"Action\":\"s3:GetObject\",\"Effect\":\"Allow\",\"Principal\":\"*\",\"Resource\":\"arn:aws:s3:::www.hugh.codes/*\",\"Sid\":\"AddPerm\"}],\"Version\":\"2012-10-17\"}",
            "region": "us-east-1",
            "replication_configuration": [],
            "request_payer": "BucketOwner",
            "server_side_encryption_configuration": [],
            "tags": {},
            "versioning": [
              {
                "enabled": false,
                "mfa_delete": false
              }
            ],
            "website": [
              {
                "error_document": "404.html",
                "index_document": "index.html",
                "redirect_all_requests_to": "",
                "routing_rules": ""
              }
            ],
            "website_domain": "s3-website-us-east-1.amazonaws.com",
            "website_endpoint": "www.hugh.codes.s3-website-us-east-1.amazonaws.com"
          }
        }
      ]
    },
    {
      "mode": "managed",
      "type": "aws_s3_bucket",
      "name": "root",
      "provider": "provider.aws",
      "instances": [
        {
          "schema_version": 0,
          "attributes": {
            "acceleration_status": "",
            "acl": "public-read",
            "arn": "arn:aws:s3:::hugh.codes",
            "bucket": "hugh.codes",
            "bucket_domain_name": "hugh.codes.s3.amazonaws.com",
            "bucket_prefix": null,
            "bucket_regional_domain_name": "hugh.codes.s3.amazonaws.com",
            "cors_rule": [],
            "force_destroy": false,
            "hosted_zone_id": "Z3AQBSTGFYJSTF",
            "id": "hugh.codes",
            "lifecycle_rule": [],
            "logging": [],
            "object_lock_configuration": [],
            "policy": "{\"Statement\":[{\"Action\":\"s3:GetObject\",\"Effect\":\"Allow\",\"Principal\":\"*\",\"Resource\":\"arn:aws:s3:::hugh.codes/*\",\"Sid\":\"AddPerm\"}],\"Version\":\"2012-10-17\"}",
            "region": "us-east-1",
            "replication_configuration": [],
            "request_payer": "BucketOwner",
            "server_side_encryption_configuration": [],
            "tags": {},
            "versioning": [
              {
                "enabled": false,
                "mfa_delete": false
              }
            ],
            "website": [
              {
                "error_document": "",
                "index_document": "",
                "redirect_all_requests_to": "https://www.hugh.codes",
                "routing_rules": ""
              }
            ],
            "website_domain": "s3-website-us-east-1.amazonaws.com",
            "website_endpoint": "hugh.codes.s3-website-us-east-1.amazonaws.com"
          }
        }
      ]
    }
  ]
}
